
Microsoft Visual Studio Solution File, Format Version 12.00
# Visual Studio Version 16
VisualStudioVersion = 16.0.30523.141
MinimumVisualStudioVersion = 10.0.40219.1
Project("{9A19103F-16F7-4668-BE54-9A1E7A4F7556}") = "OneTimetablePlus", "OneTimetablePlus.csproj", "{E8B046C2-193B-4B74-AE9B-A86093BCC8C4}"
EndProject
Project("{FAE04EC0-301F-11D3-BF4B-00C04F79EFBC}") = "OneTimetablePlusTest", "..\OneTimetablePlusTest\OneTimetablePlusTest.csproj", "{97A62563-7EAF-4AEF-93B3-E589E6189A81}"
EndProject
Global
	GlobalSection(SolutionConfigurationPlatforms) = preSolution
		Debug|Any CPU = Debug|Any CPU
		Release|Any CPU = Release|Any CPU
	EndGlobalSection
	GlobalSection(ProjectConfigurationPlatforms) = postSolution
		{E8B046C2-193B-4B74-AE9B-A86093BCC8C4}.Debug|Any CPU.ActiveCfg = Debug|Any CPU
		{E8B046C2-193B-4B74-AE9B-A86093BCC8C4}.Debug|Any CPU.Build.0 = Debug|Any CPU
		{E8B046C2-193B-4B74-AE9B-A86093BCC8C4}.Release|Any CPU.ActiveCfg = Release|Any CPU
		{E8B046C2-193B-4B74-AE9B-A86093BCC8C4}.Release|Any CPU.Build.0 = Release|Any CPU
		{97A62563-7EAF-4AEF-93B3-E589E6189A81}.Debug|Any CPU.ActiveCfg = Debug|Any CPU
		{97A62563-7EAF-4AEF-93B3-E589E6189A81}.Debug|Any CPU.Build.0 = Debug|Any CPU
		{97A62563-7EAF-4AEF-93B3-E589E6189A81}.Release|Any CPU.ActiveCfg = Release|Any CPU
		{97A62563-7EAF-4AEF-93B3-E589E6189A81}.Release|Any CPU.Build.0 = Release|Any CPU
	EndGlobalSection
	GlobalSection(SolutionProperties) = preSolution
		HideSolutionNode = FALSE
	EndGlobalSection
	GlobalSection(ExtensibilityGlobals) = postSolution
		SolutionGuid = {23A980D6-19DD-4AFB-830F-1B9261E2BFA6}
	EndGlobalSection
EndGlobal
